
Microsoft Visual Studio Solution File, Format Version 12.00
# Visual Studio Version 16
VisualStudioVersion = 16.0.28922.388
MinimumVisualStudioVersion = 10.0.40219.1
Project("{FAE04EC0-301F-11D3-BF4B-00C04F79EFBC}") = "TelegramInterface", "TelegramInterface\TelegramInterface.csproj", "{A6DA6540-9F33-4FC0-B15E-08C98F3884C3}"
EndProject
Project("{FAE04EC0-301F-11D3-BF4B-00C04F79EFBC}") = "Infrastructures", "Infrastructures\Infrastructures.csproj", "{1CBA9AAB-9D33-4E8B-8C40-896DC0F1A6B0}"
EndProject
Project("{FAE04EC0-301F-11D3-BF4B-00C04F79EFBC}") = "TeleGet_CLI", "TelegramFeed\TeleGet_CLI.csproj", "{3A755E68-0195-46E5-9913-4C19C595BC83}"
EndProject
Global
	GlobalSection(SolutionConfigurationPlatforms) = preSolution
		Debug|Any CPU = Debug|Any CPU
		Release|Any CPU = Release|Any CPU
	EndGlobalSection
	GlobalSection(ProjectConfigurationPlatforms) = postSolution
		{A6DA6540-9F33-4FC0-B15E-08C98F3884C3}.Debug|Any CPU.ActiveCfg = Debug|Any CPU
		{A6DA6540-9F33-4FC0-B15E-08C98F3884C3}.Debug|Any CPU.Build.0 = Debug|Any CPU
		{A6DA6540-9F33-4FC0-B15E-08C98F3884C3}.Release|Any CPU.ActiveCfg = Release|Any CPU
		{A6DA6540-9F33-4FC0-B15E-08C98F3884C3}.Release|Any CPU.Build.0 = Release|Any CPU
		{1CBA9AAB-9D33-4E8B-8C40-896DC0F1A6B0}.Debug|Any CPU.ActiveCfg = Debug|Any CPU
		{1CBA9AAB-9D33-4E8B-8C40-896DC0F1A6B0}.Debug|Any CPU.Build.0 = Debug|Any CPU
		{1CBA9AAB-9D33-4E8B-8C40-896DC0F1A6B0}.Release|Any CPU.ActiveCfg = Release|Any CPU
		{1CBA9AAB-9D33-4E8B-8C40-896DC0F1A6B0}.Release|Any CPU.Build.0 = Release|Any CPU
		{3A755E68-0195-46E5-9913-4C19C595BC83}.Debug|Any CPU.ActiveCfg = Debug|Any CPU
		{3A755E68-0195-46E5-9913-4C19C595BC83}.Debug|Any CPU.Build.0 = Debug|Any CPU
		{3A755E68-0195-46E5-9913-4C19C595BC83}.Release|Any CPU.ActiveCfg = Release|Any CPU
		{3A755E68-0195-46E5-9913-4C19C595BC83}.Release|Any CPU.Build.0 = Release|Any CPU
	EndGlobalSection
	GlobalSection(SolutionProperties) = preSolution
		HideSolutionNode = FALSE
	EndGlobalSection
	GlobalSection(ExtensibilityGlobals) = postSolution
		SolutionGuid = {C3B47D69-1B45-42B3-95A5-6ADB4C04F3A6}
	EndGlobalSection
EndGlobal
